
Microsoft Visual Studio Solution File, Format Version 12.00
# Visual Studio Version 17
VisualStudioVersion = 17.9.34728.123
MinimumVisualStudioVersion = 10.0.40219.1
Project("{FAE04EC0-301F-11D3-BF4B-00C04F79EFBC}") = "Todo.API", "Todo.API\Todo.API.csproj", "{F7FB853F-35CE-4426-A83B-35D6350B7496}"
EndProject
Project("{FAE04EC0-301F-11D3-BF4B-00C04F79EFBC}") = "Todo.Application", "Todo.Application\Todo.Application.csproj", "{9D393BB2-1F6E-485C-9F0E-AF86DFEF784E}"
EndProject
Project("{FAE04EC0-301F-11D3-BF4B-00C04F79EFBC}") = "Todo.Communication", "Todo.Communication\Todo.Communication.csproj", "{47E0A94D-0371-419A-9FE9-D060157891B5}"
EndProject
Global
	GlobalSection(SolutionConfigurationPlatforms) = preSolution
		Debug|Any CPU = Debug|Any CPU
		Release|Any CPU = Release|Any CPU
	EndGlobalSection
	GlobalSection(ProjectConfigurationPlatforms) = postSolution
		{F7FB853F-35CE-4426-A83B-35D6350B7496}.Debug|Any CPU.ActiveCfg = Debug|Any CPU
		{F7FB853F-35CE-4426-A83B-35D6350B7496}.Debug|Any CPU.Build.0 = Debug|Any CPU
		{F7FB853F-35CE-4426-A83B-35D6350B7496}.Release|Any CPU.ActiveCfg = Release|Any CPU
		{F7FB853F-35CE-4426-A83B-35D6350B7496}.Release|Any CPU.Build.0 = Release|Any CPU
		{9D393BB2-1F6E-485C-9F0E-AF86DFEF784E}.Debug|Any CPU.ActiveCfg = Debug|Any CPU
		{9D393BB2-1F6E-485C-9F0E-AF86DFEF784E}.Debug|Any CPU.Build.0 = Debug|Any CPU
		{9D393BB2-1F6E-485C-9F0E-AF86DFEF784E}.Release|Any CPU.ActiveCfg = Release|Any CPU
		{9D393BB2-1F6E-485C-9F0E-AF86DFEF784E}.Release|Any CPU.Build.0 = Release|Any CPU
		{47E0A94D-0371-419A-9FE9-D060157891B5}.Debug|Any CPU.ActiveCfg = Debug|Any CPU
		{47E0A94D-0371-419A-9FE9-D060157891B5}.Debug|Any CPU.Build.0 = Debug|Any CPU
		{47E0A94D-0371-419A-9FE9-D060157891B5}.Release|Any CPU.ActiveCfg = Release|Any CPU
		{47E0A94D-0371-419A-9FE9-D060157891B5}.Release|Any CPU.Build.0 = Release|Any CPU
	EndGlobalSection
	GlobalSection(SolutionProperties) = preSolution
		HideSolutionNode = FALSE
	EndGlobalSection
	GlobalSection(ExtensibilityGlobals) = postSolution
		SolutionGuid = {C3F551DB-0073-474E-84F6-D345042578FA}
	EndGlobalSection
EndGlobal
